
Microsoft Visual Studio Solution File, Format Version 12.00
# Visual Studio 2013
VisualStudioVersion = 12.0.40629.0
MinimumVisualStudioVersion = 10.0.40219.1
Project("{FAE04EC0-301F-11D3-BF4B-00C04F79EFBC}") = "CHPC", "CHPC\CHPC.csproj", "{593D1E27-E457-4EAF-B42B-2BF099D3C5C7}"
EndProject
Global
	GlobalSection(TeamFoundationVersionControl) = preSolution
		SccNumberOfProjects = 2
		SccEnterpriseProvider = {4CA58AB2-18FA-4F8D-95D4-32DDF27D184C}
		SccTeamFoundationServer = http://rucka0011spsdt1:8080/tfs/usaace
		SccLocalPath0 = .
		SccProjectUniqueName1 = CHPC\\CHPC.csproj
		SccProjectName1 = CHPC
		SccLocalPath1 = CHPC
	EndGlobalSection
	GlobalSection(SolutionConfigurationPlatforms) = preSolution
		Debug|Any CPU = Debug|Any CPU
		Release|Any CPU = Release|Any CPU
	EndGlobalSection
	GlobalSection(ProjectConfigurationPlatforms) = postSolution
		{593D1E27-E457-4EAF-B42B-2BF099D3C5C7}.Debug|Any CPU.ActiveCfg = Debug|Any CPU
		{593D1E27-E457-4EAF-B42B-2BF099D3C5C7}.Debug|Any CPU.Build.0 = Debug|Any CPU
		{593D1E27-E457-4EAF-B42B-2BF099D3C5C7}.Release|Any CPU.ActiveCfg = Release|Any CPU
		{593D1E27-E457-4EAF-B42B-2BF099D3C5C7}.Release|Any CPU.Build.0 = Release|Any CPU
	EndGlobalSection
	GlobalSection(SolutionProperties) = preSolution
		HideSolutionNode = FALSE
	EndGlobalSection
EndGlobal
