
Microsoft Visual Studio Solution File, Format Version 12.00
# Visual Studio 2013
VisualStudioVersion = 12.0.31101.0
MinimumVisualStudioVersion = 10.0.40219.1
Project("{E24C65DC-7377-472B-9ABA-BC803B73C61A}") = "1-145th", "http://localhost:57467", "{2FD21E60-3379-4D3F-AA01-C196A9D27632}"
	ProjectSection(WebsiteProperties) = preProject
		SccProjectName = "SAK"
		SccAuxPath = "SAK"
		SccLocalPath = "SAK"
		SccProvider = "SAK"
		UseIISExpress = "true"
		TargetFrameworkMoniker = ".NETFramework,Version%3Dv4.0"
		Debug.AspNetCompiler.VirtualPath = "/localhost_57467"
		Debug.AspNetCompiler.PhysicalPath = "1-145th\"
		Debug.AspNetCompiler.TargetPath = "PrecompiledWeb\localhost_57467\"
		Debug.AspNetCompiler.Updateable = "true"
		Debug.AspNetCompiler.ForceOverwrite = "true"
		Debug.AspNetCompiler.FixedNames = "false"
		Debug.AspNetCompiler.Debug = "True"
		Release.AspNetCompiler.VirtualPath = "/localhost_57467"
		Release.AspNetCompiler.PhysicalPath = "1-145th\"
		Release.AspNetCompiler.TargetPath = "PrecompiledWeb\localhost_57467\"
		Release.AspNetCompiler.Updateable = "true"
		Release.AspNetCompiler.ForceOverwrite = "true"
		Release.AspNetCompiler.FixedNames = "false"
		Release.AspNetCompiler.Debug = "False"
		SlnRelativePath = "1-145th\"
	EndProjectSection
EndProject
Project("{E24C65DC-7377-472B-9ABA-BC803B73C61A}") = "1AB", "http://localhost:57677", "{19A24126-4CB9-4A98-90B8-B65A3D2B7A63}"
	ProjectSection(WebsiteProperties) = preProject
		SccProjectName = "SAK"
		SccAuxPath = "SAK"
		SccLocalPath = "SAK"
		SccProvider = "SAK"
		UseIISExpress = "true"
		TargetFrameworkMoniker = ".NETFramework,Version%3Dv4.5.1"
		Debug.AspNetCompiler.VirtualPath = "/localhost_57677"
		Debug.AspNetCompiler.PhysicalPath = "1AB\"
		Debug.AspNetCompiler.TargetPath = "PrecompiledWeb\localhost_57677\"
		Debug.AspNetCompiler.Updateable = "true"
		Debug.AspNetCompiler.ForceOverwrite = "true"
		Debug.AspNetCompiler.FixedNames = "false"
		Debug.AspNetCompiler.Debug = "True"
		Release.AspNetCompiler.VirtualPath = "/localhost_57677"
		Release.AspNetCompiler.PhysicalPath = "1AB\"
		Release.AspNetCompiler.TargetPath = "PrecompiledWeb\localhost_57677\"
		Release.AspNetCompiler.Updateable = "true"
		Release.AspNetCompiler.ForceOverwrite = "true"
		Release.AspNetCompiler.FixedNames = "false"
		Release.AspNetCompiler.Debug = "False"
		SlnRelativePath = "1AB\"
		DefaultWebSiteLanguage = "Visual C#"
	EndProjectSection
EndProject
Project("{E24C65DC-7377-472B-9ABA-BC803B73C61A}") = "2-13th", "http://localhost:57734", "{ED64F3E6-8B72-4545-825C-FF2AB3E6DBD1}"
	ProjectSection(WebsiteProperties) = preProject
		SccProjectName = "SAK"
		SccAuxPath = "SAK"
		SccLocalPath = "SAK"
		SccProvider = "SAK"
		UseIISExpress = "true"
		TargetFrameworkMoniker = ".NETFramework,Version%3Dv4.5.1"
		Debug.AspNetCompiler.VirtualPath = "/localhost_57734"
		Debug.AspNetCompiler.PhysicalPath = "2-13th\"
		Debug.AspNetCompiler.TargetPath = "PrecompiledWeb\localhost_57734\"
		Debug.AspNetCompiler.Updateable = "true"
		Debug.AspNetCompiler.ForceOverwrite = "true"
		Debug.AspNetCompiler.FixedNames = "false"
		Debug.AspNetCompiler.Debug = "True"
		Release.AspNetCompiler.VirtualPath = "/localhost_57734"
		Release.AspNetCompiler.PhysicalPath = "2-13th\"
		Release.AspNetCompiler.TargetPath = "PrecompiledWeb\localhost_57734\"
		Release.AspNetCompiler.Updateable = "true"
		Release.AspNetCompiler.ForceOverwrite = "true"
		Release.AspNetCompiler.FixedNames = "false"
		Release.AspNetCompiler.Debug = "False"
		SlnRelativePath = "2-13th\"
		DefaultWebSiteLanguage = "Visual C#"
	EndProjectSection
EndProject
Project("{E24C65DC-7377-472B-9ABA-BC803B73C61A}") = "110thAB", "http://localhost:51481", "{E7B3CD3E-232F-4A8A-B286-71D92009ABB4}"
	ProjectSection(WebsiteProperties) = preProject
		SccProjectName = "SAK"
		SccAuxPath = "SAK"
		SccLocalPath = "SAK"
		SccProvider = "SAK"
		UseIISExpress = "true"
		TargetFrameworkMoniker = ".NETFramework,Version%3Dv4.5.1"
		Debug.AspNetCompiler.VirtualPath = "/localhost_51481"
		Debug.AspNetCompiler.PhysicalPath = "110thAB\"
		Debug.AspNetCompiler.TargetPath = "PrecompiledWeb\localhost_51481\"
		Debug.AspNetCompiler.Updateable = "true"
		Debug.AspNetCompiler.ForceOverwrite = "true"
		Debug.AspNetCompiler.FixedNames = "false"
		Debug.AspNetCompiler.Debug = "True"
		Release.AspNetCompiler.VirtualPath = "/localhost_51481"
		Release.AspNetCompiler.PhysicalPath = "110thAB\"
		Release.AspNetCompiler.TargetPath = "PrecompiledWeb\localhost_51481\"
		Release.AspNetCompiler.Updateable = "true"
		Release.AspNetCompiler.ForceOverwrite = "true"
		Release.AspNetCompiler.FixedNames = "false"
		Release.AspNetCompiler.Debug = "False"
		SlnRelativePath = "110thAB\"
		DefaultWebSiteLanguage = "Visual C#"
	EndProjectSection
EndProject
Project("{E24C65DC-7377-472B-9ABA-BC803B73C61A}") = "128thAB", "http://localhost:51484", "{8030E6EA-193B-4FE2-92DE-AB3FE6D07D62}"
	ProjectSection(WebsiteProperties) = preProject
		SccProjectName = "SAK"
		SccAuxPath = "SAK"
		SccLocalPath = "SAK"
		SccProvider = "SAK"
		UseIISExpress = "true"
		TargetFrameworkMoniker = ".NETFramework,Version%3Dv4.5.1"
		Debug.AspNetCompiler.VirtualPath = "/localhost_51484"
		Debug.AspNetCompiler.PhysicalPath = "128thAB\"
		Debug.AspNetCompiler.TargetPath = "PrecompiledWeb\localhost_51484\"
		Debug.AspNetCompiler.Updateable = "true"
		Debug.AspNetCompiler.ForceOverwrite = "true"
		Debug.AspNetCompiler.FixedNames = "false"
		Debug.AspNetCompiler.Debug = "True"
		Release.AspNetCompiler.VirtualPath = "/localhost_51484"
		Release.AspNetCompiler.PhysicalPath = "128thAB\"
		Release.AspNetCompiler.TargetPath = "PrecompiledWeb\localhost_51484\"
		Release.AspNetCompiler.Updateable = "true"
		Release.AspNetCompiler.ForceOverwrite = "true"
		Release.AspNetCompiler.FixedNames = "false"
		Release.AspNetCompiler.Debug = "False"
		SlnRelativePath = "128thAB\"
		DefaultWebSiteLanguage = "Visual C#"
	EndProjectSection
EndProject
Project("{E24C65DC-7377-472B-9ABA-BC803B73C61A}") = "AKN", "http://localhost:50921", "{6ADF39EF-6095-43B2-BBD4-A35168E4F4F4}"
	ProjectSection(WebsiteProperties) = preProject
		SccProjectName = "SAK"
		SccAuxPath = "SAK"
		SccLocalPath = "SAK"
		SccProvider = "SAK"
		UseIISExpress = "true"
		TargetFrameworkMoniker = ".NETFramework,Version%3Dv4.5.1"
		Debug.AspNetCompiler.VirtualPath = "/localhost_50921"
		Debug.AspNetCompiler.PhysicalPath = "AKN\"
		Debug.AspNetCompiler.TargetPath = "PrecompiledWeb\localhost_50921\"
		Debug.AspNetCompiler.Updateable = "true"
		Debug.AspNetCompiler.ForceOverwrite = "true"
		Debug.AspNetCompiler.FixedNames = "false"
		Debug.AspNetCompiler.Debug = "True"
		Release.AspNetCompiler.VirtualPath = "/localhost_50921"
		Release.AspNetCompiler.PhysicalPath = "AKN\"
		Release.AspNetCompiler.TargetPath = "PrecompiledWeb\localhost_50921\"
		Release.AspNetCompiler.Updateable = "true"
		Release.AspNetCompiler.ForceOverwrite = "true"
		Release.AspNetCompiler.FixedNames = "false"
		Release.AspNetCompiler.Debug = "False"
		SlnRelativePath = "AKN\"
		DefaultWebSiteLanguage = "Visual C#"
	EndProjectSection
EndProject
Project("{E24C65DC-7377-472B-9ABA-BC803B73C61A}") = "LifelongLearning", "http://localhost:50922", "{82A73803-CA1A-4C27-99F2-24BD1CC6FE73}"
	ProjectSection(WebsiteProperties) = preProject
		SccProjectName = "SAK"
		SccAuxPath = "SAK"
		SccLocalPath = "SAK"
		SccProvider = "SAK"
		UseIISExpress = "true"
		TargetFrameworkMoniker = ".NETFramework,Version%3Dv4.5.1"
		Debug.AspNetCompiler.VirtualPath = "/localhost_50922"
		Debug.AspNetCompiler.PhysicalPath = "LifelongLearning\"
		Debug.AspNetCompiler.TargetPath = "PrecompiledWeb\localhost_50922\"
		Debug.AspNetCompiler.Updateable = "true"
		Debug.AspNetCompiler.ForceOverwrite = "true"
		Debug.AspNetCompiler.FixedNames = "false"
		Debug.AspNetCompiler.Debug = "True"
		Release.AspNetCompiler.VirtualPath = "/localhost_50922"
		Release.AspNetCompiler.PhysicalPath = "LifelongLearning\"
		Release.AspNetCompiler.TargetPath = "PrecompiledWeb\localhost_50922\"
		Release.AspNetCompiler.Updateable = "true"
		Release.AspNetCompiler.ForceOverwrite = "true"
		Release.AspNetCompiler.FixedNames = "false"
		Release.AspNetCompiler.Debug = "False"
		SlnRelativePath = "LifelongLearning\"
		DefaultWebSiteLanguage = "Visual C#"
	EndProjectSection
EndProject
Project("{E24C65DC-7377-472B-9ABA-BC803B73C61A}") = "USAACE", "http://localhost:51606", "{01A6ABD3-0D29-4E1E-96E8-329BB48BE95F}"
	ProjectSection(WebsiteProperties) = preProject
		SccProjectName = "SAK"
		SccAuxPath = "SAK"
		SccLocalPath = "SAK"
		SccProvider = "SAK"
		UseIISExpress = "true"
		TargetFrameworkMoniker = ".NETFramework,Version%3Dv4.5"
		Debug.AspNetCompiler.VirtualPath = "/localhost_51606"
		Debug.AspNetCompiler.PhysicalPath = "..\..\Users\marcus.p.faye\Documents\Visual Studio 2013\WebSites\USAACE\"
		Debug.AspNetCompiler.TargetPath = "PrecompiledWeb\localhost_51606\"
		Debug.AspNetCompiler.Updateable = "true"
		Debug.AspNetCompiler.ForceOverwrite = "true"
		Debug.AspNetCompiler.FixedNames = "false"
		Debug.AspNetCompiler.Debug = "True"
		Release.AspNetCompiler.VirtualPath = "/localhost_51606"
		Release.AspNetCompiler.PhysicalPath = "..\..\Users\marcus.p.faye\Documents\Visual Studio 2013\WebSites\USAACE\"
		Release.AspNetCompiler.TargetPath = "PrecompiledWeb\localhost_51606\"
		Release.AspNetCompiler.Updateable = "true"
		Release.AspNetCompiler.ForceOverwrite = "true"
		Release.AspNetCompiler.FixedNames = "false"
		Release.AspNetCompiler.Debug = "False"
		SlnRelativePath = "..\..\Users\marcus.p.faye\Documents\Visual Studio 2013\WebSites\USAACE\"
		DefaultWebSiteLanguage = "Visual C#"
	EndProjectSection
EndProject
Project("{E24C65DC-7377-472B-9ABA-BC803B73C61A}") = "Retention", "http://localhost:60176", "{71B1CF60-7A9F-41A8-B871-8CEEE086D0DB}"
	ProjectSection(WebsiteProperties) = preProject
		SccProjectName = "SAK"
		SccAuxPath = "SAK"
		SccLocalPath = "SAK"
		SccProvider = "SAK"
		UseIISExpress = "true"
		TargetFrameworkMoniker = ".NETFramework,Version%3Dv4.5"
		Debug.AspNetCompiler.VirtualPath = "/localhost_60176"
		Debug.AspNetCompiler.PhysicalPath = "..\..\Users\marcus.p.faye\Documents\Visual Studio 2013\WebSites\Retention\"
		Debug.AspNetCompiler.TargetPath = "PrecompiledWeb\localhost_60176\"
		Debug.AspNetCompiler.Updateable = "true"
		Debug.AspNetCompiler.ForceOverwrite = "true"
		Debug.AspNetCompiler.FixedNames = "false"
		Debug.AspNetCompiler.Debug = "True"
		Release.AspNetCompiler.VirtualPath = "/localhost_60176"
		Release.AspNetCompiler.PhysicalPath = "..\..\Users\marcus.p.faye\Documents\Visual Studio 2013\WebSites\Retention\"
		Release.AspNetCompiler.TargetPath = "PrecompiledWeb\localhost_60176\"
		Release.AspNetCompiler.Updateable = "true"
		Release.AspNetCompiler.ForceOverwrite = "true"
		Release.AspNetCompiler.FixedNames = "false"
		Release.AspNetCompiler.Debug = "False"
		SlnRelativePath = "..\..\Users\marcus.p.faye\Documents\Visual Studio 2013\WebSites\Retention\"
		DefaultWebSiteLanguage = "Visual C#"
	EndProjectSection
EndProject
Project("{2150E333-8FDC-42A3-9474-1A3956D46DE8}") = "Splash Page Template", "Splash Page Template", "{6B718AAD-7914-4EBB-84CC-A9F99CB9038C}"
	ProjectSection(SolutionItems) = preProject
		Barebone Splash Layout.html = Barebone Splash Layout.html
		DropDownMenu.css = DropDownMenu.css
	EndProjectSection
EndProject
Project("{E24C65DC-7377-472B-9ABA-BC803B73C61A}") = "DOTD", "http://localhost:55329", "{E088EC70-1CF3-490B-AA09-1054CB5793D4}"
	ProjectSection(WebsiteProperties) = preProject
		SccProjectName = "SAK"
		SccAuxPath = "SAK"
		SccLocalPath = "SAK"
		SccProvider = "SAK"
		UseIISExpress = "true"
		TargetFrameworkMoniker = ".NETFramework,Version%3Dv4.5"
		Debug.AspNetCompiler.VirtualPath = "/localhost_55329"
		Debug.AspNetCompiler.PhysicalPath = "..\..\Users\marcus.p.faye\Documents\Visual Studio 2013\WebSites\DOTD\"
		Debug.AspNetCompiler.TargetPath = "PrecompiledWeb\localhost_55329\"
		Debug.AspNetCompiler.Updateable = "true"
		Debug.AspNetCompiler.ForceOverwrite = "true"
		Debug.AspNetCompiler.FixedNames = "false"
		Debug.AspNetCompiler.Debug = "True"
		Release.AspNetCompiler.VirtualPath = "/localhost_55329"
		Release.AspNetCompiler.PhysicalPath = "..\..\Users\marcus.p.faye\Documents\Visual Studio 2013\WebSites\DOTD\"
		Release.AspNetCompiler.TargetPath = "PrecompiledWeb\localhost_55329\"
		Release.AspNetCompiler.Updateable = "true"
		Release.AspNetCompiler.ForceOverwrite = "true"
		Release.AspNetCompiler.FixedNames = "false"
		Release.AspNetCompiler.Debug = "False"
		SlnRelativePath = "..\..\Users\marcus.p.faye\Documents\Visual Studio 2013\WebSites\DOTD\"
		DefaultWebSiteLanguage = "Visual C#"
	EndProjectSection
EndProject
Project("{E24C65DC-7377-472B-9ABA-BC803B73C61A}") = "1-11th", "http://localhost:64590", "{324EF515-6086-4FB5-9409-3C079F63B885}"
	ProjectSection(WebsiteProperties) = preProject
		SccProjectName = "SAK"
		SccAuxPath = "SAK"
		SccLocalPath = "SAK"
		SccProvider = "SAK"
		UseIISExpress = "true"
		TargetFrameworkMoniker = ".NETFramework,Version%3Dv4.5"
		Debug.AspNetCompiler.VirtualPath = "/localhost_64590"
		Debug.AspNetCompiler.PhysicalPath = "..\..\Users\marcus.p.faye\Documents\Visual Studio 2013\WebSites\1-11th\"
		Debug.AspNetCompiler.TargetPath = "PrecompiledWeb\localhost_64590\"
		Debug.AspNetCompiler.Updateable = "true"
		Debug.AspNetCompiler.ForceOverwrite = "true"
		Debug.AspNetCompiler.FixedNames = "false"
		Debug.AspNetCompiler.Debug = "True"
		Release.AspNetCompiler.VirtualPath = "/localhost_64590"
		Release.AspNetCompiler.PhysicalPath = "..\..\Users\marcus.p.faye\Documents\Visual Studio 2013\WebSites\1-11th\"
		Release.AspNetCompiler.TargetPath = "PrecompiledWeb\localhost_64590\"
		Release.AspNetCompiler.Updateable = "true"
		Release.AspNetCompiler.ForceOverwrite = "true"
		Release.AspNetCompiler.FixedNames = "false"
		Release.AspNetCompiler.Debug = "False"
		SlnRelativePath = "..\..\Users\marcus.p.faye\Documents\Visual Studio 2013\WebSites\1-11th\"
		DefaultWebSiteLanguage = "Visual C#"
	EndProjectSection
EndProject
Project("{E24C65DC-7377-472B-9ABA-BC803B73C61A}") = "1-14th", "http://localhost:64603", "{6C801DEE-D6C9-4298-87E1-9AFE9D46DAFC}"
	ProjectSection(WebsiteProperties) = preProject
		SccProjectName = "SAK"
		SccAuxPath = "SAK"
		SccLocalPath = "SAK"
		SccProvider = "SAK"
		UseIISExpress = "true"
		TargetFrameworkMoniker = ".NETFramework,Version%3Dv4.5"
		Debug.AspNetCompiler.VirtualPath = "/localhost_64603"
		Debug.AspNetCompiler.PhysicalPath = "..\..\Users\marcus.p.faye\Documents\Visual Studio 2013\WebSites\1-14th\"
		Debug.AspNetCompiler.TargetPath = "PrecompiledWeb\localhost_64603\"
		Debug.AspNetCompiler.Updateable = "true"
		Debug.AspNetCompiler.ForceOverwrite = "true"
		Debug.AspNetCompiler.FixedNames = "false"
		Debug.AspNetCompiler.Debug = "True"
		Release.AspNetCompiler.VirtualPath = "/localhost_64603"
		Release.AspNetCompiler.PhysicalPath = "..\..\Users\marcus.p.faye\Documents\Visual Studio 2013\WebSites\1-14th\"
		Release.AspNetCompiler.TargetPath = "PrecompiledWeb\localhost_64603\"
		Release.AspNetCompiler.Updateable = "true"
		Release.AspNetCompiler.ForceOverwrite = "true"
		Release.AspNetCompiler.FixedNames = "false"
		Release.AspNetCompiler.Debug = "False"
		SlnRelativePath = "..\..\Users\marcus.p.faye\Documents\Visual Studio 2013\WebSites\1-14th\"
		DefaultWebSiteLanguage = "Visual C#"
	EndProjectSection
EndProject
Project("{E24C65DC-7377-472B-9ABA-BC803B73C61A}") = "1-210th", "http://localhost:64606", "{5977060A-4885-49A0-8543-291231955EFC}"
	ProjectSection(WebsiteProperties) = preProject
		SccProjectName = "SAK"
		SccAuxPath = "SAK"
		SccLocalPath = "SAK"
		SccProvider = "SAK"
		UseIISExpress = "true"
		TargetFrameworkMoniker = ".NETFramework,Version%3Dv4.5"
		Debug.AspNetCompiler.VirtualPath = "/localhost_64606"
		Debug.AspNetCompiler.PhysicalPath = "..\..\Users\marcus.p.faye\Documents\Visual Studio 2013\WebSites\1-210th\"
		Debug.AspNetCompiler.TargetPath = "PrecompiledWeb\localhost_64606\"
		Debug.AspNetCompiler.Updateable = "true"
		Debug.AspNetCompiler.ForceOverwrite = "true"
		Debug.AspNetCompiler.FixedNames = "false"
		Debug.AspNetCompiler.Debug = "True"
		Release.AspNetCompiler.VirtualPath = "/localhost_64606"
		Release.AspNetCompiler.PhysicalPath = "..\..\Users\marcus.p.faye\Documents\Visual Studio 2013\WebSites\1-210th\"
		Release.AspNetCompiler.TargetPath = "PrecompiledWeb\localhost_64606\"
		Release.AspNetCompiler.Updateable = "true"
		Release.AspNetCompiler.ForceOverwrite = "true"
		Release.AspNetCompiler.FixedNames = "false"
		Release.AspNetCompiler.Debug = "False"
		SlnRelativePath = "..\..\Users\marcus.p.faye\Documents\Visual Studio 2013\WebSites\1-210th\"
		DefaultWebSiteLanguage = "Visual C#"
	EndProjectSection
EndProject
Project("{E24C65DC-7377-472B-9ABA-BC803B73C61A}") = "2-210th", "http://localhost:64607", "{5C1E4E43-DEBB-40AB-B171-4CB68A10236D}"
	ProjectSection(WebsiteProperties) = preProject
		SccProjectName = "SAK"
		SccAuxPath = "SAK"
		SccLocalPath = "SAK"
		SccProvider = "SAK"
		UseIISExpress = "true"
		TargetFrameworkMoniker = ".NETFramework,Version%3Dv4.5"
		Debug.AspNetCompiler.VirtualPath = "/localhost_64607"
		Debug.AspNetCompiler.PhysicalPath = "..\..\Users\marcus.p.faye\Documents\Visual Studio 2013\WebSites\2-210th\"
		Debug.AspNetCompiler.TargetPath = "PrecompiledWeb\localhost_64607\"
		Debug.AspNetCompiler.Updateable = "true"
		Debug.AspNetCompiler.ForceOverwrite = "true"
		Debug.AspNetCompiler.FixedNames = "false"
		Debug.AspNetCompiler.Debug = "True"
		Release.AspNetCompiler.VirtualPath = "/localhost_64607"
		Release.AspNetCompiler.PhysicalPath = "..\..\Users\marcus.p.faye\Documents\Visual Studio 2013\WebSites\2-210th\"
		Release.AspNetCompiler.TargetPath = "PrecompiledWeb\localhost_64607\"
		Release.AspNetCompiler.Updateable = "true"
		Release.AspNetCompiler.ForceOverwrite = "true"
		Release.AspNetCompiler.FixedNames = "false"
		Release.AspNetCompiler.Debug = "False"
		SlnRelativePath = "..\..\Users\marcus.p.faye\Documents\Visual Studio 2013\WebSites\2-210th\"
		DefaultWebSiteLanguage = "Visual C#"
	EndProjectSection
EndProject
Project("{E24C65DC-7377-472B-9ABA-BC803B73C61A}") = "1-222nd", "http://localhost:64608", "{839990BC-EE4E-4381-8229-704581DCC5C7}"
	ProjectSection(WebsiteProperties) = preProject
		SccProjectName = "SAK"
		SccAuxPath = "SAK"
		SccLocalPath = "SAK"
		SccProvider = "SAK"
		UseIISExpress = "true"
		TargetFrameworkMoniker = ".NETFramework,Version%3Dv4.5"
		Debug.AspNetCompiler.VirtualPath = "/localhost_64608"
		Debug.AspNetCompiler.PhysicalPath = "..\..\Users\marcus.p.faye\Documents\Visual Studio 2013\WebSites\1-222nd\"
		Debug.AspNetCompiler.TargetPath = "PrecompiledWeb\localhost_64608\"
		Debug.AspNetCompiler.Updateable = "true"
		Debug.AspNetCompiler.ForceOverwrite = "true"
		Debug.AspNetCompiler.FixedNames = "false"
		Debug.AspNetCompiler.Debug = "True"
		Release.AspNetCompiler.VirtualPath = "/localhost_64608"
		Release.AspNetCompiler.PhysicalPath = "..\..\Users\marcus.p.faye\Documents\Visual Studio 2013\WebSites\1-222nd\"
		Release.AspNetCompiler.TargetPath = "PrecompiledWeb\localhost_64608\"
		Release.AspNetCompiler.Updateable = "true"
		Release.AspNetCompiler.ForceOverwrite = "true"
		Release.AspNetCompiler.FixedNames = "false"
		Release.AspNetCompiler.Debug = "False"
		SlnRelativePath = "..\..\Users\marcus.p.faye\Documents\Visual Studio 2013\WebSites\1-222nd\"
		DefaultWebSiteLanguage = "Visual C#"
	EndProjectSection
EndProject
Project("{E24C65DC-7377-472B-9ABA-BC803B73C61A}") = "SHARP", "http://localhost:52488", "{63A57E85-E489-4680-AAC5-23E826F006B1}"
	ProjectSection(WebsiteProperties) = preProject
		SccProjectName = "SAK"
		SccAuxPath = "SAK"
		SccLocalPath = "SAK"
		SccProvider = "SAK"
		UseIISExpress = "true"
		TargetFrameworkMoniker = ".NETFramework,Version%3Dv4.5"
		Debug.AspNetCompiler.VirtualPath = "/localhost_52488"
		Debug.AspNetCompiler.PhysicalPath = "..\..\Users\marcus.p.faye\Documents\Visual Studio 2013\WebSites\SHARP\"
		Debug.AspNetCompiler.TargetPath = "PrecompiledWeb\localhost_52488\"
		Debug.AspNetCompiler.Updateable = "true"
		Debug.AspNetCompiler.ForceOverwrite = "true"
		Debug.AspNetCompiler.FixedNames = "false"
		Debug.AspNetCompiler.Debug = "True"
		Release.AspNetCompiler.VirtualPath = "/localhost_52488"
		Release.AspNetCompiler.PhysicalPath = "..\..\Users\marcus.p.faye\Documents\Visual Studio 2013\WebSites\SHARP\"
		Release.AspNetCompiler.TargetPath = "PrecompiledWeb\localhost_52488\"
		Release.AspNetCompiler.Updateable = "true"
		Release.AspNetCompiler.ForceOverwrite = "true"
		Release.AspNetCompiler.FixedNames = "false"
		Release.AspNetCompiler.Debug = "False"
		SlnRelativePath = "..\..\Users\marcus.p.faye\Documents\Visual Studio 2013\WebSites\SHARP\"
		DefaultWebSiteLanguage = "Visual C#"
	EndProjectSection
EndProject
Project("{E24C65DC-7377-472B-9ABA-BC803B73C61A}") = "Health Systems", "http://localhost:53401", "{6928EE64-C1B1-440D-9CC9-256DCCCB13D2}"
	ProjectSection(WebsiteProperties) = preProject
		SccProjectName = "SAK"
		SccAuxPath = "SAK"
		SccLocalPath = "SAK"
		SccProvider = "SAK"
		UseIISExpress = "true"
		TargetFrameworkMoniker = ".NETFramework,Version%3Dv4.5"
		Debug.AspNetCompiler.VirtualPath = "/localhost_53401"
		Debug.AspNetCompiler.PhysicalPath = "..\..\Users\marcus.p.faye\Documents\Visual Studio 2013\WebSites\Health Systems\"
		Debug.AspNetCompiler.TargetPath = "PrecompiledWeb\localhost_53401\"
		Debug.AspNetCompiler.Updateable = "true"
		Debug.AspNetCompiler.ForceOverwrite = "true"
		Debug.AspNetCompiler.FixedNames = "false"
		Debug.AspNetCompiler.Debug = "True"
		Release.AspNetCompiler.VirtualPath = "/localhost_53401"
		Release.AspNetCompiler.PhysicalPath = "..\..\Users\marcus.p.faye\Documents\Visual Studio 2013\WebSites\Health Systems\"
		Release.AspNetCompiler.TargetPath = "PrecompiledWeb\localhost_53401\"
		Release.AspNetCompiler.Updateable = "true"
		Release.AspNetCompiler.ForceOverwrite = "true"
		Release.AspNetCompiler.FixedNames = "false"
		Release.AspNetCompiler.Debug = "False"
		SlnRelativePath = "..\..\Users\marcus.p.faye\Documents\Visual Studio 2013\WebSites\Health Systems\"
		DefaultWebSiteLanguage = "Visual C#"
	EndProjectSection
EndProject
Project("{E24C65DC-7377-472B-9ABA-BC803B73C61A}") = "KnowledgeMap", "http://localhost:59521", "{A908C437-4659-4398-A416-1245E2830320}"
	ProjectSection(WebsiteProperties) = preProject
		SccProjectName = "SAK"
		SccAuxPath = "SAK"
		SccLocalPath = "SAK"
		SccProvider = "SAK"
		UseIISExpress = "true"
		TargetFrameworkMoniker = ".NETFramework,Version%3Dv4.5"
		Debug.AspNetCompiler.VirtualPath = "/localhost_59521"
		Debug.AspNetCompiler.PhysicalPath = "..\..\Users\marcus.p.faye\Documents\Visual Studio 2013\WebSites\KnowledgeMap\"
		Debug.AspNetCompiler.TargetPath = "PrecompiledWeb\localhost_59521\"
		Debug.AspNetCompiler.Updateable = "true"
		Debug.AspNetCompiler.ForceOverwrite = "true"
		Debug.AspNetCompiler.FixedNames = "false"
		Debug.AspNetCompiler.Debug = "True"
		Release.AspNetCompiler.VirtualPath = "/localhost_59521"
		Release.AspNetCompiler.PhysicalPath = "..\..\Users\marcus.p.faye\Documents\Visual Studio 2013\WebSites\KnowledgeMap\"
		Release.AspNetCompiler.TargetPath = "PrecompiledWeb\localhost_59521\"
		Release.AspNetCompiler.Updateable = "true"
		Release.AspNetCompiler.ForceOverwrite = "true"
		Release.AspNetCompiler.FixedNames = "false"
		Release.AspNetCompiler.Debug = "False"
		SlnRelativePath = "..\..\Users\marcus.p.faye\Documents\Visual Studio 2013\WebSites\KnowledgeMap\"
		DefaultWebSiteLanguage = "Visual C#"
	EndProjectSection
EndProject
Global
	GlobalSection(TeamFoundationVersionControl) = preSolution
		SccNumberOfProjects = 19
		SccEnterpriseProvider = {4CA58AB2-18FA-4F8D-95D4-32DDF27D184C}
		SccTeamFoundationServer = http://rucka0011spsdt1:8080/tfs/usaace
		SccLocalPath0 = .
		SccWebProject1 = true
		SccProjectUniqueName1 = http://localhost:57467
		SccProjectName1 = 1-145th
		SccLocalPath1 = 1-145th
		SccProjectEnlistmentChoice1 = 2
		SccWebProject2 = true
		SccProjectUniqueName2 = http://localhost:57677
		SccProjectName2 = 1AB
		SccLocalPath2 = 1AB
		SccProjectEnlistmentChoice2 = 2
		SccWebProject3 = true
		SccProjectUniqueName3 = http://localhost:57734
		SccProjectName3 = 2-13th
		SccLocalPath3 = 2-13th
		SccProjectEnlistmentChoice3 = 2
		SccWebProject4 = true
		SccProjectUniqueName4 = http://localhost:51481
		SccProjectName4 = 110thAB
		SccLocalPath4 = 110thAB
		SccProjectEnlistmentChoice4 = 2
		SccWebProject5 = true
		SccProjectUniqueName5 = http://localhost:51484
		SccProjectName5 = 128thAB
		SccLocalPath5 = 128thAB
		SccProjectEnlistmentChoice5 = 2
		SccWebProject6 = true
		SccProjectUniqueName6 = http://localhost:50921
		SccProjectName6 = AKN
		SccLocalPath6 = AKN
		SccProjectEnlistmentChoice6 = 2
		SccWebProject7 = true
		SccProjectUniqueName7 = http://localhost:50922
		SccProjectName7 = LifelongLearning
		SccLocalPath7 = LifelongLearning
		SccProjectEnlistmentChoice7 = 2
		SccWebProject8 = true
		SccProjectUniqueName8 = http://localhost:51606
		SccProjectName8 = USAACE
		SccLocalPath8 = http://localhost:51606/
		SccProjectEnlistmentChoice8 = 2
		SccWebProject9 = true
		SccProjectUniqueName9 = http://localhost:60176
		SccProjectName9 = Retention
		SccLocalPath9 = http://localhost:60176/
		SccProjectEnlistmentChoice9 = 2
		SccWebProject10 = true
		SccProjectUniqueName10 = http://localhost:55329
		SccProjectName10 = DOTD
		SccLocalPath10 = http://localhost:55329/
		SccProjectEnlistmentChoice10 = 2
		SccWebProject11 = true
		SccProjectUniqueName11 = http://localhost:64590
		SccProjectName11 = 1-11th
		SccLocalPath11 = http://localhost:64590/
		SccProjectEnlistmentChoice11 = 2
		SccWebProject12 = true
		SccProjectUniqueName12 = http://localhost:64603
		SccProjectName12 = 1-14th
		SccLocalPath12 = http://localhost:64603/
		SccProjectEnlistmentChoice12 = 2
		SccWebProject13 = true
		SccProjectUniqueName13 = http://localhost:64606
		SccProjectName13 = 1-210th
		SccLocalPath13 = http://localhost:64606/
		SccProjectEnlistmentChoice13 = 2
		SccWebProject14 = true
		SccProjectUniqueName14 = http://localhost:64607
		SccProjectName14 = 2-210th
		SccLocalPath14 = http://localhost:64607/
		SccProjectEnlistmentChoice14 = 2
		SccWebProject15 = true
		SccProjectUniqueName15 = http://localhost:64608
		SccProjectName15 = 1-222nd
		SccLocalPath15 = http://localhost:64608/
		SccProjectEnlistmentChoice15 = 2
		SccWebProject16 = true
		SccProjectUniqueName16 = http://localhost:52488
		SccProjectName16 = SHARP
		SccLocalPath16 = ..\\..\\Users\\marcus.p.faye\\Documents\\Visual\u0020Studio\u00202013\\WebSites\\SHARP
		SccProjectEnlistmentChoice16 = 2
		SccWebProject17 = true
		SccProjectUniqueName17 = http://localhost:53401
		SccProjectName17 = Health\u0020Systems
		SccLocalPath17 = ..\\..\\Users\\marcus.p.faye\\Documents\\Visual\u0020Studio\u00202013\\WebSites\\Health\u0020Systems
		SccProjectEnlistmentChoice17 = 2
		SccWebProject18 = true
		SccProjectUniqueName18 = http://localhost:59521
		SccProjectName18 = KnowledgeMap
		SccLocalPath18 = ..\\..\\Users\\marcus.p.faye\\Documents\\Visual\u0020Studio\u00202013\\WebSites\\KnowledgeMap
		SccProjectEnlistmentChoice18 = 2
	EndGlobalSection
	GlobalSection(SolutionConfigurationPlatforms) = preSolution
		Debug|Any CPU = Debug|Any CPU
	EndGlobalSection
	GlobalSection(ProjectConfigurationPlatforms) = postSolution
		{2FD21E60-3379-4D3F-AA01-C196A9D27632}.Debug|Any CPU.ActiveCfg = Debug|Any CPU
		{2FD21E60-3379-4D3F-AA01-C196A9D27632}.Debug|Any CPU.Build.0 = Debug|Any CPU
		{19A24126-4CB9-4A98-90B8-B65A3D2B7A63}.Debug|Any CPU.ActiveCfg = Debug|Any CPU
		{19A24126-4CB9-4A98-90B8-B65A3D2B7A63}.Debug|Any CPU.Build.0 = Debug|Any CPU
		{ED64F3E6-8B72-4545-825C-FF2AB3E6DBD1}.Debug|Any CPU.ActiveCfg = Debug|Any CPU
		{ED64F3E6-8B72-4545-825C-FF2AB3E6DBD1}.Debug|Any CPU.Build.0 = Debug|Any CPU
		{E7B3CD3E-232F-4A8A-B286-71D92009ABB4}.Debug|Any CPU.ActiveCfg = Debug|Any CPU
		{E7B3CD3E-232F-4A8A-B286-71D92009ABB4}.Debug|Any CPU.Build.0 = Debug|Any CPU
		{8030E6EA-193B-4FE2-92DE-AB3FE6D07D62}.Debug|Any CPU.ActiveCfg = Debug|Any CPU
		{8030E6EA-193B-4FE2-92DE-AB3FE6D07D62}.Debug|Any CPU.Build.0 = Debug|Any CPU
		{6ADF39EF-6095-43B2-BBD4-A35168E4F4F4}.Debug|Any CPU.ActiveCfg = Debug|Any CPU
		{6ADF39EF-6095-43B2-BBD4-A35168E4F4F4}.Debug|Any CPU.Build.0 = Debug|Any CPU
		{82A73803-CA1A-4C27-99F2-24BD1CC6FE73}.Debug|Any CPU.ActiveCfg = Debug|Any CPU
		{82A73803-CA1A-4C27-99F2-24BD1CC6FE73}.Debug|Any CPU.Build.0 = Debug|Any CPU
		{01A6ABD3-0D29-4E1E-96E8-329BB48BE95F}.Debug|Any CPU.ActiveCfg = Debug|Any CPU
		{01A6ABD3-0D29-4E1E-96E8-329BB48BE95F}.Debug|Any CPU.Build.0 = Debug|Any CPU
		{71B1CF60-7A9F-41A8-B871-8CEEE086D0DB}.Debug|Any CPU.ActiveCfg = Debug|Any CPU
		{71B1CF60-7A9F-41A8-B871-8CEEE086D0DB}.Debug|Any CPU.Build.0 = Debug|Any CPU
		{E088EC70-1CF3-490B-AA09-1054CB5793D4}.Debug|Any CPU.ActiveCfg = Debug|Any CPU
		{E088EC70-1CF3-490B-AA09-1054CB5793D4}.Debug|Any CPU.Build.0 = Debug|Any CPU
		{324EF515-6086-4FB5-9409-3C079F63B885}.Debug|Any CPU.ActiveCfg = Debug|Any CPU
		{324EF515-6086-4FB5-9409-3C079F63B885}.Debug|Any CPU.Build.0 = Debug|Any CPU
		{6C801DEE-D6C9-4298-87E1-9AFE9D46DAFC}.Debug|Any CPU.ActiveCfg = Debug|Any CPU
		{6C801DEE-D6C9-4298-87E1-9AFE9D46DAFC}.Debug|Any CPU.Build.0 = Debug|Any CPU
		{5977060A-4885-49A0-8543-291231955EFC}.Debug|Any CPU.ActiveCfg = Debug|Any CPU
		{5977060A-4885-49A0-8543-291231955EFC}.Debug|Any CPU.Build.0 = Debug|Any CPU
		{5C1E4E43-DEBB-40AB-B171-4CB68A10236D}.Debug|Any CPU.ActiveCfg = Debug|Any CPU
		{5C1E4E43-DEBB-40AB-B171-4CB68A10236D}.Debug|Any CPU.Build.0 = Debug|Any CPU
		{839990BC-EE4E-4381-8229-704581DCC5C7}.Debug|Any CPU.ActiveCfg = Debug|Any CPU
		{839990BC-EE4E-4381-8229-704581DCC5C7}.Debug|Any CPU.Build.0 = Debug|Any CPU
		{63A57E85-E489-4680-AAC5-23E826F006B1}.Debug|Any CPU.ActiveCfg = Debug|Any CPU
		{63A57E85-E489-4680-AAC5-23E826F006B1}.Debug|Any CPU.Build.0 = Debug|Any CPU
		{6928EE64-C1B1-440D-9CC9-256DCCCB13D2}.Debug|Any CPU.ActiveCfg = Debug|Any CPU
		{6928EE64-C1B1-440D-9CC9-256DCCCB13D2}.Debug|Any CPU.Build.0 = Debug|Any CPU
		{A908C437-4659-4398-A416-1245E2830320}.Debug|Any CPU.ActiveCfg = Debug|Any CPU
		{A908C437-4659-4398-A416-1245E2830320}.Debug|Any CPU.Build.0 = Debug|Any CPU
	EndGlobalSection
	GlobalSection(SolutionProperties) = preSolution
		HideSolutionNode = FALSE
	EndGlobalSection
EndGlobal
